
Microsoft Visual Studio Solution File, Format Version 12.00
# Visual Studio Version 17
VisualStudioVersion = 17.6.33815.320
MinimumVisualStudioVersion = 10.0.40219.1
Project("{FAE04EC0-301F-11D3-BF4B-00C04F79EFBC}") = "Sussyraider 3.0 C#", "Sussyraider 3.0 C#.csproj", "{C99F9BCF-1AA8-4186-AF8D-84B7089A3255}"
EndProject
Global
	GlobalSection(SolutionConfigurationPlatforms) = preSolution
		Debug|Any CPU = Debug|Any CPU
		Release|Any CPU = Release|Any CPU
	EndGlobalSection
	GlobalSection(ProjectConfigurationPlatforms) = postSolution
		{C99F9BCF-1AA8-4186-AF8D-84B7089A3255}.Debug|Any CPU.ActiveCfg = Debug|Any CPU
		{C99F9BCF-1AA8-4186-AF8D-84B7089A3255}.Debug|Any CPU.Build.0 = Debug|Any CPU
		{C99F9BCF-1AA8-4186-AF8D-84B7089A3255}.Release|Any CPU.ActiveCfg = Release|Any CPU
		{C99F9BCF-1AA8-4186-AF8D-84B7089A3255}.Release|Any CPU.Build.0 = Release|Any CPU
	EndGlobalSection
	GlobalSection(SolutionProperties) = preSolution
		HideSolutionNode = FALSE
	EndGlobalSection
	GlobalSection(ExtensibilityGlobals) = postSolution
		SolutionGuid = {26CC013D-AD4E-48A1-9717-7060A42ADDFB}
	EndGlobalSection
EndGlobal
